{
    "name": "full-package",
    "version": "0.0.0",
    "lockfileVersion": 2,
    "requires": true,
    "packages": {
        "": {
            "name": "full-package",
            "version": "0.0.0",
            "bin": {
                "full-package": "dist/index.js"
            },
            "devDependencies": {
                "full-package": "file:full-package-0.0.0.tgz"
            }
        },
        "node_modules/full-package": {
            "version": "0.0.0",
            "resolved": "file:full-package-0.0.0.tgz",
            "integrity": "sha512-PvsjJI4furEDeDKHDSDvsqs3ICr/WfsdeGL8pc94wPX87oSuLmu4ScLVzVDOQstVN7JEzVPauk0NUm2i2oA5mg==",
            "dev": true,
            "bin": {
                "full-package": "dist/index.js"
            }
        }
    },
    "dependencies": {
        "full-package": {
            "version": "file:full-package-0.0.0.tgz",
            "integrity": "sha512-PvsjJI4furEDeDKHDSDvsqs3ICr/WfsdeGL8pc94wPX87oSuLmu4ScLVzVDOQstVN7JEzVPauk0NUm2i2oA5mg==",
            "dev": true
        }
    }
}
